{
  "name": "kidora-agent-windows",
  "version": "1.0.0",
  "lockfileVersion": 3,
  "requires": true,
  "packages": {
    "": {
      "name": "kidora-agent-windows",
      "version": "1.0.0",
      "license": "MIT",
      "bin": {
        "kidora-agent": "agent.js"
      },
      "engines": {
        "node": ">=18"
      }
    }
  }
}
